
Microsoft Visual Studio Solution File, Format Version 11.00
# Visual Studio 2010
Project("{FAE04EC0-301F-11D3-BF4B-00C04F79EFBC}") = "CYC", "CYC.csproj", "{2BB4B77B-B116-4731-B7C4-772E9452F31A}"
EndProject
Global
	GlobalSection(SolutionConfigurationPlatforms) = preSolution
		Debug|Any CPU = Debug|Any CPU
		Release|Any CPU = Release|Any CPU
	EndGlobalSection
	GlobalSection(ProjectConfigurationPlatforms) = postSolution
		{2BB4B77B-B116-4731-B7C4-772E9452F31A}.Debug|Any CPU.ActiveCfg = Debug|Any CPU
		{2BB4B77B-B116-4731-B7C4-772E9452F31A}.Debug|Any CPU.Build.0 = Debug|Any CPU
		{2BB4B77B-B116-4731-B7C4-772E9452F31A}.Debug|Any CPU.Deploy.0 = Debug|Any CPU
		{2BB4B77B-B116-4731-B7C4-772E9452F31A}.Release|Any CPU.ActiveCfg = Release|Any CPU
		{2BB4B77B-B116-4731-B7C4-772E9452F31A}.Release|Any CPU.Build.0 = Release|Any CPU
		{2BB4B77B-B116-4731-B7C4-772E9452F31A}.Release|Any CPU.Deploy.0 = Release|Any CPU
	EndGlobalSection
	GlobalSection(SolutionProperties) = preSolution
		HideSolutionNode = FALSE
	EndGlobalSection
EndGlobal
